// !$*UTF8*$!
{
	archiveVersion = 1;
	classes = {
	};
	objectVersion = 46;
	objects = {

/* Begin PBXBuildFile section */
		797B5B71DA0D4D05C73C4AB2 /* libPods-SeerseeJoin.a in Frameworks */ = {isa = PBXBuildFile; fileRef = CF772F10A8E8CB09D0B45742 /* libPods-SeerseeJoin.a */; };
		B50073561D9004A900984CBA /* UIKit.framework in Frameworks */ = {isa = PBXBuildFile; fileRef = B50073551D9004A900984CBA /* UIKit.framework */; };
		B506B32E1DDBFF6D009CEAD0 /* BroadcastWEBViewController.m in Sources */ = {isa = PBXBuildFile; fileRef = B506B32D1DDBFF6D009CEAD0 /* BroadcastWEBViewController.m */; };
		B50BF50A1DB5C46C00A79380 /* MemberBase.m in Sources */ = {isa = PBXBuildFile; fileRef = B50BF5091DB5C46C00A79380 /* MemberBase.m */; };
		B50C89871D88D374005CCF4C /* CourseCellTableViewCell.m in Sources */ = {isa = PBXBuildFile; fileRef = B50C89861D88D374005CCF4C /* CourseCellTableViewCell.m */; };
		B519934D1D8E85B700CE8904 /* BroadcastHYViewController.m in Sources */ = {isa = PBXBuildFile; fileRef = B519934C1D8E85B700CE8904 /* BroadcastHYViewController.m */; };
		B51C38B31D9E59B100C0A1B8 /* member.m in Sources */ = {isa = PBXBuildFile; fileRef = B51C38B21D9E59B100C0A1B8 /* member.m */; };
		B51EBDD51DA8DF8900164141 /* testViewController.m in Sources */ = {isa = PBXBuildFile; fileRef = B51EBDD41DA8DF8900164141 /* testViewController.m */; };
		B5373F381DB9BADE0075AB6C /* RecordingTableViewController.m in Sources */ = {isa = PBXBuildFile; fileRef = B5373F371DB9BADE0075AB6C /* RecordingTableViewController.m */; };
		B5373F3E1DB9C0B20075AB6C /* RecordingTableViewCell.m in Sources */ = {isa = PBXBuildFile; fileRef = B5373F3D1DB9C0B20075AB6C /* RecordingTableViewCell.m */; };
		B5373F4E1DBA098B0075AB6C /* bg.jpg in Resources */ = {isa = PBXBuildFile; fileRef = B5373F3F1DBA098B0075AB6C /* bg.jpg */; };
		B5373F4F1DBA098B0075AB6C /* chat_new.png in Resources */ = {isa = PBXBuildFile; fileRef = B5373F401DBA098B0075AB6C /* chat_new.png */; };
		B5373F501DBA098B0075AB6C /* chat.png in Resources */ = {isa = PBXBuildFile; fileRef = B5373F411DBA098B0075AB6C /* chat.png */; };
		B5373F511DBA098B0075AB6C /* default_select_photo.png in Resources */ = {isa = PBXBuildFile; fileRef = B5373F421DBA098B0075AB6C /* default_select_photo.png */; };
		B5373F521DBA098B0075AB6C /* delete.png in Resources */ = {isa = PBXBuildFile; fileRef = B5373F431DBA098B0075AB6C /* delete.png */; };
		B5373F531DBA098B0075AB6C /* erase.png in Resources */ = {isa = PBXBuildFile; fileRef = B5373F441DBA098B0075AB6C /* erase.png */; };
		B5373F541DBA098B0075AB6C /* hand.png in Resources */ = {isa = PBXBuildFile; fileRef = B5373F451DBA098B0075AB6C /* hand.png */; };
		B5373F551DBA098B0075AB6C /* pen_black.png in Resources */ = {isa = PBXBuildFile; fileRef = B5373F461DBA098B0075AB6C /* pen_black.png */; };
		B5373F561DBA098B0075AB6C /* pen_blue.png in Resources */ = {isa = PBXBuildFile; fileRef = B5373F471DBA098B0075AB6C /* pen_blue.png */; };
		B5373F571DBA098B0075AB6C /* pen_red.png in Resources */ = {isa = PBXBuildFile; fileRef = B5373F481DBA098B0075AB6C /* pen_red.png */; };
		B5373F581DBA098B0075AB6C /* pen.png in Resources */ = {isa = PBXBuildFile; fileRef = B5373F491DBA098B0075AB6C /* pen.png */; };
		B5373F591DBA098B0075AB6C /* replay.png in Resources */ = {isa = PBXBuildFile; fileRef = B5373F4A1DBA098B0075AB6C /* replay.png */; };
		B5373F5A1DBA098B0075AB6C /* size_640.png in Resources */ = {isa = PBXBuildFile; fileRef = B5373F4B1DBA098B0075AB6C /* size_640.png */; };
		B5373F5B1DBA098B0075AB6C /* size_1280.png in Resources */ = {isa = PBXBuildFile; fileRef = B5373F4C1DBA098B0075AB6C /* size_1280.png */; };
		B5373F5C1DBA098B0075AB6C /* stop.png in Resources */ = {isa = PBXBuildFile; fileRef = B5373F4D1DBA098B0075AB6C /* stop.png */; };
		B54BD8D41DB89B94000CBE52 /* jpush-ios-2.1.9.a in Frameworks */ = {isa = PBXBuildFile; fileRef = B54BD8D21DB89B94000CBE52 /* jpush-ios-2.1.9.a */; };
		B54BD8D61DB89BB2000CBE52 /* CFNetwork.framework in Frameworks */ = {isa = PBXBuildFile; fileRef = B54BD8D51DB89BB2000CBE52 /* CFNetwork.framework */; };
		B54BD8D81DB89BBF000CBE52 /* CoreFoundation.framework in Frameworks */ = {isa = PBXBuildFile; fileRef = B54BD8D71DB89BBF000CBE52 /* CoreFoundation.framework */; };
		B54BD8DA1DB89BCB000CBE52 /* CoreTelephony.framework in Frameworks */ = {isa = PBXBuildFile; fileRef = B54BD8D91DB89BCB000CBE52 /* CoreTelephony.framework */; };
		B54BD8DC1DB89BD5000CBE52 /* SystemConfiguration.framework in Frameworks */ = {isa = PBXBuildFile; fileRef = B54BD8DB1DB89BD5000CBE52 /* SystemConfiguration.framework */; };
		B54BD8DE1DB89BE0000CBE52 /* CoreGraphics.framework in Frameworks */ = {isa = PBXBuildFile; fileRef = B54BD8DD1DB89BE0000CBE52 /* CoreGraphics.framework */; };
		B54BD8E01DB89BF2000CBE52 /* Foundation.framework in Frameworks */ = {isa = PBXBuildFile; fileRef = B54BD8DF1DB89BF2000CBE52 /* Foundation.framework */; };
		B54BD8E21DB89C10000CBE52 /* Security.framework in Frameworks */ = {isa = PBXBuildFile; fileRef = B54BD8E11DB89C10000CBE52 /* Security.framework */; };
		B54BD8E41DB8A84A000CBE52 /* AdSupport.framework in Frameworks */ = {isa = PBXBuildFile; fileRef = B54BD8E31DB8A84A000CBE52 /* AdSupport.framework */; };
		B54BD8E61DB8AED8000CBE52 /* JpushTabBarViewController.xib in Resources */ = {isa = PBXBuildFile; fileRef = B54BD8E51DB8AED8000CBE52 /* JpushTabBarViewController.xib */; };
		B556E9351DD45C3B00A04C8B /* GGPublicNavigationViewController.m in Sources */ = {isa = PBXBuildFile; fileRef = B556E9341DD45C3B00A04C8B /* GGPublicNavigationViewController.m */; };
		B55A0BA41DCC5BA70000A2DA /* aboutus.png in Resources */ = {isa = PBXBuildFile; fileRef = B55A0BA31DCC5BA70000A2DA /* aboutus.png */; };
		B56306131D936A8B0070A34F /* SingleVideoItemViewController.m in Sources */ = {isa = PBXBuildFile; fileRef = B56306121D936A8B0070A34F /* SingleVideoItemViewController.m */; };
		B56306161D93D3760070A34F /* CourseTableHYViewController.m in Sources */ = {isa = PBXBuildFile; fileRef = B56306151D93D3760070A34F /* CourseTableHYViewController.m */; };
		B563063E1D93DC360070A34F /* ask.png in Resources */ = {isa = PBXBuildFile; fileRef = B56306171D93DC360070A34F /* ask.png */; };
		B563063F1D93DC360070A34F /* back.png in Resources */ = {isa = PBXBuildFile; fileRef = B56306181D93DC360070A34F /* back.png */; };
		B56306401D93DC360070A34F /* camera.png in Resources */ = {isa = PBXBuildFile; fileRef = B56306191D93DC360070A34F /* camera.png */; };
		B56306411D93DC360070A34F /* camera0.png in Resources */ = {isa = PBXBuildFile; fileRef = B563061A1D93DC360070A34F /* camera0.png */; };
		B56306421D93DC360070A34F /* close.png in Resources */ = {isa = PBXBuildFile; fileRef = B563061B1D93DC360070A34F /* close.png */; };
		B56306431D93DC360070A34F /* course_video.png in Resources */ = {isa = PBXBuildFile; fileRef = B563061C1D93DC360070A34F /* course_video.png */; };
		B56306441D93DC360070A34F /* dimg.jpg in Resources */ = {isa = PBXBuildFile; fileRef = B563061D1D93DC360070A34F /* dimg.jpg */; };
		B56306451D93DC360070A34F /* doc.png in Resources */ = {isa = PBXBuildFile; fileRef = B563061E1D93DC360070A34F /* doc.png */; };
		B56306461D93DC360070A34F /* edit.png in Resources */ = {isa = PBXBuildFile; fileRef = B563061F1D93DC360070A34F /* edit.png */; };
		B56306471D93DC360070A34F /* face.png in Resources */ = {isa = PBXBuildFile; fileRef = B56306201D93DC360070A34F /* face.png */; };
		B56306481D93DC360070A34F /* home.png in Resources */ = {isa = PBXBuildFile; fileRef = B56306211D93DC360070A34F /* home.png */; };
		B56306491D93DC360070A34F /* ic_launcher.png in Resources */ = {isa = PBXBuildFile; fileRef = B56306221D93DC360070A34F /* ic_launcher.png */; };
		B563064A1D93DC360070A34F /* meeting.png in Resources */ = {isa = PBXBuildFile; fileRef = B56306231D93DC360070A34F /* meeting.png */; };
		B563064B1D93DC360070A34F /* mic0.png in Resources */ = {isa = PBXBuildFile; fileRef = B56306241D93DC360070A34F /* mic0.png */; };
		B563064C1D93DC360070A34F /* mic1.png in Resources */ = {isa = PBXBuildFile; fileRef = B56306251D93DC360070A34F /* mic1.png */; };
		B563064D1D93DC360070A34F /* myincome.png in Resources */ = {isa = PBXBuildFile; fileRef = B56306261D93DC360070A34F /* myincome.png */; };
		B563064E1D93DC360070A34F /* off_role.png in Resources */ = {isa = PBXBuildFile; fileRef = B56306271D93DC360070A34F /* off_role.png */; };
		B563064F1D93DC360070A34F /* off.png in Resources */ = {isa = PBXBuildFile; fileRef = B56306281D93DC360070A34F /* off.png */; };
		B56306501D93DC360070A34F /* on_role.png in Resources */ = {isa = PBXBuildFile; fileRef = B56306291D93DC360070A34F /* on_role.png */; };
		B56306511D93DC360070A34F /* on.png in Resources */ = {isa = PBXBuildFile; fileRef = B563062A1D93DC360070A34F /* on.png */; };
		B56306521D93DC360070A34F /* pause.png in Resources */ = {isa = PBXBuildFile; fileRef = B563062B1D93DC360070A34F /* pause.png */; };
		B56306531D93DC360070A34F /* play.png in Resources */ = {isa = PBXBuildFile; fileRef = B563062C1D93DC360070A34F /* play.png */; };
		B56306541D93DC360070A34F /* profile.png in Resources */ = {isa = PBXBuildFile; fileRef = B563062D1D93DC360070A34F /* profile.png */; };
		B56306551D93DC360070A34F /* qrcode.png in Resources */ = {isa = PBXBuildFile; fileRef = B563062E1D93DC360070A34F /* qrcode.png */; };
		B56306561D93DC360070A34F /* recent.png in Resources */ = {isa = PBXBuildFile; fileRef = B563062F1D93DC360070A34F /* recent.png */; };
		B56306571D93DC360070A34F /* roll.png in Resources */ = {isa = PBXBuildFile; fileRef = B56306301D93DC360070A34F /* roll.png */; };
		B56306581D93DC360070A34F /* scan.png in Resources */ = {isa = PBXBuildFile; fileRef = B56306311D93DC360070A34F /* scan.png */; };
		B56306591D93DC360070A34F /* share_g.png in Resources */ = {isa = PBXBuildFile; fileRef = B56306321D93DC360070A34F /* share_g.png */; };
		B563065A1D93DC360070A34F /* share.png in Resources */ = {isa = PBXBuildFile; fileRef = B56306331D93DC360070A34F /* share.png */; };
		B563065B1D93DC360070A34F /* spacer_medium.xml in Resources */ = {isa = PBXBuildFile; fileRef = B56306341D93DC360070A34F /* spacer_medium.xml */; };
		B563065C1D93DC360070A34F /* speaker_off.png in Resources */ = {isa = PBXBuildFile; fileRef = B56306351D93DC360070A34F /* speaker_off.png */; };
		B563065D1D93DC360070A34F /* speaker_on.png in Resources */ = {isa = PBXBuildFile; fileRef = B56306361D93DC360070A34F /* speaker_on.png */; };
		B563065E1D93DC360070A34F /* statics.png in Resources */ = {isa = PBXBuildFile; fileRef = B56306371D93DC360070A34F /* statics.png */; };
		B563065F1D93DC360070A34F /* switch_camera.png in Resources */ = {isa = PBXBuildFile; fileRef = B56306381D93DC360070A34F /* switch_camera.png */; };
		B56306601D93DC360070A34F /* take.jpg in Resources */ = {isa = PBXBuildFile; fileRef = B56306391D93DC360070A34F /* take.jpg */; };
		B56306611D93DC360070A34F /* trainning_times.png in Resources */ = {isa = PBXBuildFile; fileRef = B563063A1D93DC360070A34F /* trainning_times.png */; };
		B56306621D93DC360070A34F /* trainning.png in Resources */ = {isa = PBXBuildFile; fileRef = B563063B1D93DC360070A34F /* trainning.png */; };
		B56306631D93DC360070A34F /* users.png in Resources */ = {isa = PBXBuildFile; fileRef = B563063C1D93DC360070A34F /* users.png */; };
		B56306641D93DC360070A34F /* woojoin.png in Resources */ = {isa = PBXBuildFile; fileRef = B563063D1D93DC360070A34F /* woojoin.png */; };
		B56306671D93E1D60070A34F /* CourseTablePXViewController.m in Sources */ = {isa = PBXBuildFile; fileRef = B56306661D93E1D60070A34F /* CourseTablePXViewController.m */; };
		B579D2131DC1BAFD00B3ECE9 /* UserNotifications.framework in Frameworks */ = {isa = PBXBuildFile; fileRef = B579D2121DC1BAFD00B3ECE9 /* UserNotifications.framework */; };
		B59C279D1D7D5068000E66D5 /* RtSDK.framework in Frameworks */ = {isa = PBXBuildFile; fileRef = B59C279C1D7D5068000E66D5 /* RtSDK.framework */; };
		B59EC2231DD5B33E007DC83D /* MessageUI.framework in Frameworks */ = {isa = PBXBuildFile; fileRef = B59EC2221DD5B33E007DC83D /* MessageUI.framework */; };
		B5C425931D8F6EBD00F09F96 /* ChoiceCenterViewController.m in Sources */ = {isa = PBXBuildFile; fileRef = B5C425921D8F6EBD00F09F96 /* ChoiceCenterViewController.m */; };
		B5C425961D8F8BC100F09F96 /* BroadcastPXViewController.m in Sources */ = {isa = PBXBuildFile; fileRef = B5C425951D8F8BC100F09F96 /* BroadcastPXViewController.m */; };
		B5DAFAA71DAE179300409671 /* membersTableViewCell.m in Sources */ = {isa = PBXBuildFile; fileRef = B5DAFAA61DAE179300409671 /* membersTableViewCell.m */; };
		B5E117D41DC1F2BD00A2529A /* WechatIMG1.jpeg in Resources */ = {isa = PBXBuildFile; fileRef = B5E117D31DC1F2BD00A2529A /* WechatIMG1.jpeg */; };
		B5E222A71D7D63B6003C662C /* libz.tbd in Frameworks */ = {isa = PBXBuildFile; fileRef = B59C279E1D7D535E000E66D5 /* libz.tbd */; };
		B5E222A81D7D63C9003C662C /* libiconv.tbd in Frameworks */ = {isa = PBXBuildFile; fileRef = B59C27A01D7D5367000E66D5 /* libiconv.tbd */; };
		B5E222A91D7D63D8003C662C /* libicucore.tbd in Frameworks */ = {isa = PBXBuildFile; fileRef = B59C27A21D7D5375000E66D5 /* libicucore.tbd */; };
		B5E222AB1D7D6416003C662C /* OpenGLES.framework in Frameworks */ = {isa = PBXBuildFile; fileRef = B5E222AA1D7D6416003C662C /* OpenGLES.framework */; };
		B5E222AD1D7D641F003C662C /* AudioToolbox.framework in Frameworks */ = {isa = PBXBuildFile; fileRef = B5E222AC1D7D641F003C662C /* AudioToolbox.framework */; };
		B5E222AF1D7D6426003C662C /* CoreMedia.framework in Frameworks */ = {isa = PBXBuildFile; fileRef = B5E222AE1D7D6426003C662C /* CoreMedia.framework */; };
		B5E222B11D7D6430003C662C /* GLKit.framework in Frameworks */ = {isa = PBXBuildFile; fileRef = B5E222B01D7D6430003C662C /* GLKit.framework */; };
		B5E222B81D7D6452003C662C /* BaseItemViewController.m in Sources */ = {isa = PBXBuildFile; fileRef = B5E222B31D7D6452003C662C /* BaseItemViewController.m */; };
		B5E222B91D7D6452003C662C /* LoginViewController.m in Sources */ = {isa = PBXBuildFile; fileRef = B5E222B51D7D6452003C662C /* LoginViewController.m */; };
		B5E222BA1D7D6452003C662C /* UserDefaults.m in Sources */ = {isa = PBXBuildFile; fileRef = B5E222B71D7D6452003C662C /* UserDefaults.m */; };
		B5E79D571DC5C509004F9268 /* CourseAddViewController.m in Sources */ = {isa = PBXBuildFile; fileRef = B5E79D561DC5C509004F9268 /* CourseAddViewController.m */; };
		B5E79D5A1DC5C519004F9268 /* CourseEditViewController.m in Sources */ = {isa = PBXBuildFile; fileRef = B5E79D591DC5C518004F9268 /* CourseEditViewController.m */; };
		B5E92ED81D91433600E7D088 /* MemberCenterViewController.m in Sources */ = {isa = PBXBuildFile; fileRef = B5E92ED71D91433600E7D088 /* MemberCenterViewController.m */; };
		B5EDAF881D950493009F75D3 /* AppConfig.m in Sources */ = {isa = PBXBuildFile; fileRef = B5EDAF871D950493009F75D3 /* AppConfig.m */; };
		B5EE3BBF1DB7267500FFD27B /* QuestionTableViewCell.m in Sources */ = {isa = PBXBuildFile; fileRef = B5EE3BBE1DB7267500FFD27B /* QuestionTableViewCell.m */; };
		B5F72E201D7FAF0E00F326DF /* ListViewController.m in Sources */ = {isa = PBXBuildFile; fileRef = B5F72E1F1D7FAF0E00F326DF /* ListViewController.m */; };
		B5F72E231D7FF92A00F326DF /* CourseTableViewController.m in Sources */ = {isa = PBXBuildFile; fileRef = B5F72E221D7FF92A00F326DF /* CourseTableViewController.m */; };
		B5F7B54E1DBD9FE500936177 /* VodSDK.framework in Frameworks */ = {isa = PBXBuildFile; fileRef = B5F7B54D1DBD9FE500936177 /* VodSDK.framework */; };
		B5F7B5511DBDA09800936177 /* RecordingPlayViewController.m in Sources */ = {isa = PBXBuildFile; fileRef = B5F7B5501DBDA09800936177 /* RecordingPlayViewController.m */; };
		B5F7B5541DBDA15200936177 /* SpeedSettingViewController.m in Sources */ = {isa = PBXBuildFile; fileRef = B5F7B5531DBDA15200936177 /* SpeedSettingViewController.m */; };
		B5F7B5571DBDA89100936177 /* DownLoadViewController.m in Sources */ = {isa = PBXBuildFile; fileRef = B5F7B5561DBDA89100936177 /* DownLoadViewController.m */; };
		B5F7B5591DBDB23000936177 /* OpenAL.framework in Frameworks */ = {isa = PBXBuildFile; fileRef = B5F7B5581DBDB23000936177 /* OpenAL.framework */; };
		B5F9DAF61D7D41430071D617 /* main.m in Sources */ = {isa = PBXBuildFile; fileRef = B5F9DAF51D7D41430071D617 /* main.m */; };
		B5F9DAF91D7D41430071D617 /* AppDelegate.mm in Sources */ = {isa = PBXBuildFile; fileRef = B5F9DAF81D7D41430071D617 /* AppDelegate.mm */; };
		B5F9DAFF1D7D41430071D617 /* Main.storyboard in Resources */ = {isa = PBXBuildFile; fileRef = B5F9DAFD1D7D41430071D617 /* Main.storyboard */; };
		B5F9DB011D7D41430071D617 /* Assets.xcassets in Resources */ = {isa = PBXBuildFile; fileRef = B5F9DB001D7D41430071D617 /* Assets.xcassets */; };
		B5F9DB041D7D41430071D617 /* LaunchScreen.storyboard in Resources */ = {isa = PBXBuildFile; fileRef = B5F9DB021D7D41430071D617 /* LaunchScreen.storyboard */; };
/* End PBXBuildFile section */

/* Begin PBXFileReference section */
		B44E7F526AE0A8CEDB4D26F0 /* Pods-SeerseeJoin.release.xcconfig */ = {isa = PBXFileReference; includeInIndex = 1; lastKnownFileType = text.xcconfig; name = "Pods-SeerseeJoin.release.xcconfig"; path = "Pods/Target Support Files/Pods-SeerseeJoin/Pods-SeerseeJoin.release.xcconfig"; sourceTree = "<group>"; };
		B50073421D90003F00984CBA /* libsqlite3.dylib */ = {isa = PBXFileReference; lastKnownFileType = "compiled.mach-o.dylib"; name = libsqlite3.dylib; path = ../../../../../usr/lib/libsqlite3.dylib; sourceTree = "<group>"; };
		B50073441D90007300984CBA /* libz.1.dylib */ = {isa = PBXFileReference; lastKnownFileType = "compiled.mach-o.dylib"; name = libz.1.dylib; path = ../../../../../usr/lib/libz.1.dylib; sourceTree = "<group>"; };
		B50073471D9000DA00984CBA /* libicucore.A.dylib */ = {isa = PBXFileReference; lastKnownFileType = "compiled.mach-o.dylib"; name = libicucore.A.dylib; path = ../../../../../usr/lib/libicucore.A.dylib; sourceTree = "<group>"; };
		B50073491D90010C00984CBA /* libstdc++.6.0.9.dylib */ = {isa = PBXFileReference; lastKnownFileType = "compiled.mach-o.dylib"; name = "libstdc++.6.0.9.dylib"; path = "../../../../../usr/lib/libstdc++.6.0.9.dylib"; sourceTree = "<group>"; };
		B500734B1D9001B600984CBA /* libShareManager.a */ = {isa = PBXFileReference; lastKnownFileType = archive.ar; name = libShareManager.a; path = "../../../Library/Developer/Xcode/DerivedData/SeerseeJoin-aboksixjsnywqwdcjqkzyywlywiv/Build/Products/Debug-iphoneos/ShareManager/libShareManager.a"; sourceTree = "<group>"; };
		B500734D1D9001CC00984CBA /* libAFNetworking.a */ = {isa = PBXFileReference; lastKnownFileType = archive.ar; name = libAFNetworking.a; path = "../../../Library/Developer/Xcode/DerivedData/SeerseeJoin-aboksixjsnywqwdcjqkzyywlywiv/Build/Products/Debug-iphoneos/AFNetworking/libAFNetworking.a"; sourceTree = "<group>"; };
		B500734E1D9001CC00984CBA /* libBlocksKit.a */ = {isa = PBXFileReference; lastKnownFileType = archive.ar; name = libBlocksKit.a; path = "../../../Library/Developer/Xcode/DerivedData/SeerseeJoin-aboksixjsnywqwdcjqkzyywlywiv/Build/Products/Debug-iphoneos/BlocksKit/libBlocksKit.a"; sourceTree = "<group>"; };
		B500734F1D9001CC00984CBA /* libMBProgressHUD.a */ = {isa = PBXFileReference; lastKnownFileType = archive.ar; name = libMBProgressHUD.a; path = "../../../Library/Developer/Xcode/DerivedData/SeerseeJoin-aboksixjsnywqwdcjqkzyywlywiv/Build/Products/Debug-iphoneos/MBProgressHUD/libMBProgressHUD.a"; sourceTree = "<group>"; };
		B50073501D9001CC00984CBA /* libOAuthConsumer.a */ = {isa = PBXFileReference; lastKnownFileType = archive.ar; name = libOAuthConsumer.a; path = "../../../Library/Developer/Xcode/DerivedData/SeerseeJoin-aboksixjsnywqwdcjqkzyywlywiv/Build/Products/Debug-iphoneos/OAuthConsumer/libOAuthConsumer.a"; sourceTree = "<group>"; };
		B50073551D9004A900984CBA /* UIKit.framework */ = {isa = PBXFileReference; lastKnownFileType = wrapper.framework; name = UIKit.framework; path = System/Library/Frameworks/UIKit.framework; sourceTree = SDKROOT; };
		B506B32C1DDBFF6D009CEAD0 /* BroadcastWEBViewController.h */ = {isa = PBXFileReference; fileEncoding = 4; lastKnownFileType = sourcecode.c.h; path = BroadcastWEBViewController.h; sourceTree = "<group>"; };
		B506B32D1DDBFF6D009CEAD0 /* BroadcastWEBViewController.m */ = {isa = PBXFileReference; fileEncoding = 4; lastKnownFileType = sourcecode.c.objc; path = BroadcastWEBViewController.m; sourceTree = "<group>"; };
		B50BF5081DB5C46C00A79380 /* MemberBase.h */ = {isa = PBXFileReference; fileEncoding = 4; lastKnownFileType = sourcecode.c.h; path = MemberBase.h; sourceTree = "<group>"; };
		B50BF5091DB5C46C00A79380 /* MemberBase.m */ = {isa = PBXFileReference; fileEncoding = 4; lastKnownFileType = sourcecode.c.objc; path = MemberBase.m; sourceTree = "<group>"; };
		B50C89851D88D374005CCF4C /* CourseCellTableViewCell.h */ = {isa = PBXFileReference; fileEncoding = 4; lastKnownFileType = sourcecode.c.h; path = CourseCellTableViewCell.h; sourceTree = "<group>"; };
		B50C89861D88D374005CCF4C /* CourseCellTableViewCell.m */ = {isa = PBXFileReference; fileEncoding = 4; lastKnownFileType = sourcecode.c.objc; path = CourseCellTableViewCell.m; sourceTree = "<group>"; };
		B519934B1D8E85B700CE8904 /* BroadcastHYViewController.h */ = {isa = PBXFileReference; fileEncoding = 4; lastKnownFileType = sourcecode.c.h; path = BroadcastHYViewController.h; sourceTree = "<group>"; };
		B519934C1D8E85B700CE8904 /* BroadcastHYViewController.m */ = {isa = PBXFileReference; fileEncoding = 4; lastKnownFileType = sourcecode.c.objc; path = BroadcastHYViewController.m; sourceTree = "<group>"; };
		B51C38B11D9E59B100C0A1B8 /* member.h */ = {isa = PBXFileReference; fileEncoding = 4; lastKnownFileType = sourcecode.c.h; path = member.h; sourceTree = "<group>"; };
		B51C38B21D9E59B100C0A1B8 /* member.m */ = {isa = PBXFileReference; fileEncoding = 4; lastKnownFileType = sourcecode.c.objc; path = member.m; sourceTree = "<group>"; };
		B51EBDD31DA8DF8900164141 /* testViewController.h */ = {isa = PBXFileReference; fileEncoding = 4; lastKnownFileType = sourcecode.c.h; path = testViewController.h; sourceTree = "<group>"; };
		B51EBDD41DA8DF8900164141 /* testViewController.m */ = {isa = PBXFileReference; fileEncoding = 4; lastKnownFileType = sourcecode.c.objc; path = testViewController.m; sourceTree = "<group>"; };
		B5373F361DB9BADE0075AB6C /* RecordingTableViewController.h */ = {isa = PBXFileReference; fileEncoding = 4; lastKnownFileType = sourcecode.c.h; path = RecordingTableViewController.h; sourceTree = "<group>"; };
		B5373F371DB9BADE0075AB6C /* RecordingTableViewController.m */ = {isa = PBXFileReference; fileEncoding = 4; lastKnownFileType = sourcecode.c.objc; path = RecordingTableViewController.m; sourceTree = "<group>"; };
		B5373F3C1DB9C0B20075AB6C /* RecordingTableViewCell.h */ = {isa = PBXFileReference; fileEncoding = 4; lastKnownFileType = sourcecode.c.h; path = RecordingTableViewCell.h; sourceTree = "<group>"; };
		B5373F3D1DB9C0B20075AB6C /* RecordingTableViewCell.m */ = {isa = PBXFileReference; fileEncoding = 4; lastKnownFileType = sourcecode.c.objc; path = RecordingTableViewCell.m; sourceTree = "<group>"; };
		B5373F3F1DBA098B0075AB6C /* bg.jpg */ = {isa = PBXFileReference; lastKnownFileType = image.jpeg; name = bg.jpg; path = image/bg.jpg; sourceTree = "<group>"; };
		B5373F401DBA098B0075AB6C /* chat_new.png */ = {isa = PBXFileReference; lastKnownFileType = image.png; name = chat_new.png; path = image/chat_new.png; sourceTree = "<group>"; };
		B5373F411DBA098B0075AB6C /* chat.png */ = {isa = PBXFileReference; lastKnownFileType = image.png; name = chat.png; path = image/chat.png; sourceTree = "<group>"; };
		B5373F421DBA098B0075AB6C /* default_select_photo.png */ = {isa = PBXFileReference; lastKnownFileType = image.png; name = default_select_photo.png; path = image/default_select_photo.png; sourceTree = "<group>"; };
		B5373F431DBA098B0075AB6C /* delete.png */ = {isa = PBXFileReference; lastKnownFileType = image.png; name = delete.png; path = image/delete.png; sourceTree = "<group>"; };
		B5373F441DBA098B0075AB6C /* erase.png */ = {isa = PBXFileReference; lastKnownFileType = image.png; name = erase.png; path = image/erase.png; sourceTree = "<group>"; };
		B5373F451DBA098B0075AB6C /* hand.png */ = {isa = PBXFileReference; lastKnownFileType = image.png; name = hand.png; path = image/hand.png; sourceTree = "<group>"; };
		B5373F461DBA098B0075AB6C /* pen_black.png */ = {isa = PBXFileReference; lastKnownFileType = image.png; name = pen_black.png; path = image/pen_black.png; sourceTree = "<group>"; };
		B5373F471DBA098B0075AB6C /* pen_blue.png */ = {isa = PBXFileReference; lastKnownFileType = image.png; name = pen_blue.png; path = image/pen_blue.png; sourceTree = "<group>"; };
		B5373F481DBA098B0075AB6C /* pen_red.png */ = {isa = PBXFileReference; lastKnownFileType = image.png; name = pen_red.png; path = image/pen_red.png; sourceTree = "<group>"; };
		B5373F491DBA098B0075AB6C /* pen.png */ = {isa = PBXFileReference; lastKnownFileType = image.png; name = pen.png; path = image/pen.png; sourceTree = "<group>"; };
		B5373F4A1DBA098B0075AB6C /* replay.png */ = {isa = PBXFileReference; lastKnownFileType = image.png; name = replay.png; path = image/replay.png; sourceTree = "<group>"; };
		B5373F4B1DBA098B0075AB6C /* size_640.png */ = {isa = PBXFileReference; lastKnownFileType = image.png; name = size_640.png; path = image/size_640.png; sourceTree = "<group>"; };
		B5373F4C1DBA098B0075AB6C /* size_1280.png */ = {isa = PBXFileReference; lastKnownFileType = image.png; name = size_1280.png; path = image/size_1280.png; sourceTree = "<group>"; };
		B5373F4D1DBA098B0075AB6C /* stop.png */ = {isa = PBXFileReference; lastKnownFileType = image.png; name = stop.png; path = image/stop.png; sourceTree = "<group>"; };
		B54BD8D21DB89B94000CBE52 /* jpush-ios-2.1.9.a */ = {isa = PBXFileReference; lastKnownFileType = archive.ar; name = "jpush-ios-2.1.9.a"; path = "JPush-iOS-SDK-2.1.9/Lib/jpush-ios-2.1.9.a"; sourceTree = SOURCE_ROOT; };
		B54BD8D31DB89B94000CBE52 /* JPUSHService.h */ = {isa = PBXFileReference; fileEncoding = 4; lastKnownFileType = sourcecode.c.h; name = JPUSHService.h; path = "JPush-iOS-SDK-2.1.9/Lib/JPUSHService.h"; sourceTree = SOURCE_ROOT; };
		B54BD8D51DB89BB2000CBE52 /* CFNetwork.framework */ = {isa = PBXFileReference; lastKnownFileType = wrapper.framework; name = CFNetwork.framework; path = System/Library/Frameworks/CFNetwork.framework; sourceTree = SDKROOT; };
		B54BD8D71DB89BBF000CBE52 /* CoreFoundation.framework */ = {isa = PBXFileReference; lastKnownFileType = wrapper.framework; name = CoreFoundation.framework; path = System/Library/Frameworks/CoreFoundation.framework; sourceTree = SDKROOT; };
		B54BD8D91DB89BCB000CBE52 /* CoreTelephony.framework */ = {isa = PBXFileReference; lastKnownFileType = wrapper.framework; name = CoreTelephony.framework; path = System/Library/Frameworks/CoreTelephony.framework; sourceTree = SDKROOT; };
		B54BD8DB1DB89BD5000CBE52 /* SystemConfiguration.framework */ = {isa = PBXFileReference; lastKnownFileType = wrapper.framework; name = SystemConfiguration.framework; path = System/Library/Frameworks/SystemConfiguration.framework; sourceTree = SDKROOT; };
		B54BD8DD1DB89BE0000CBE52 /* CoreGraphics.framework */ = {isa = PBXFileReference; lastKnownFileType = wrapper.framework; name = CoreGraphics.framework; path = System/Library/Frameworks/CoreGraphics.framework; sourceTree = SDKROOT; };
		B54BD8DF1DB89BF2000CBE52 /* Foundation.framework */ = {isa = PBXFileReference; lastKnownFileType = wrapper.framework; name = Foundation.framework; path = System/Library/Frameworks/Foundation.framework; sourceTree = SDKROOT; };
		B54BD8E11DB89C10000CBE52 /* Security.framework */ = {isa = PBXFileReference; lastKnownFileType = wrapper.framework; name = Security.framework; path = System/Library/Frameworks/Security.framework; sourceTree = SDKROOT; };
		B54BD8E31DB8A84A000CBE52 /* AdSupport.framework */ = {isa = PBXFileReference; lastKnownFileType = wrapper.framework; name = AdSupport.framework; path = System/Library/Frameworks/AdSupport.framework; sourceTree = SDKROOT; };
		B54BD8E51DB8AED8000CBE52 /* JpushTabBarViewController.xib */ = {isa = PBXFileReference; fileEncoding = 4; lastKnownFileType = file.xib; name = JpushTabBarViewController.xib; path = "JPush-iOS-SDK-2.1.9/demo/PushTest/JpushTabBarViewController.xib"; sourceTree = SOURCE_ROOT; };
		B556E9331DD45C3B00A04C8B /* GGPublicNavigationViewController.h */ = {isa = PBXFileReference; fileEncoding = 4; lastKnownFileType = sourcecode.c.h; path = GGPublicNavigationViewController.h; sourceTree = "<group>"; };
		B556E9341DD45C3B00A04C8B /* GGPublicNavigationViewController.m */ = {isa = PBXFileReference; fileEncoding = 4; lastKnownFileType = sourcecode.c.objc; path = GGPublicNavigationViewController.m; sourceTree = "<group>"; };
		B55A0BA31DCC5BA70000A2DA /* aboutus.png */ = {isa = PBXFileReference; lastKnownFileType = image.png; name = aboutus.png; path = image/aboutus.png; sourceTree = "<group>"; };
		B56306111D936A8B0070A34F /* SingleVideoItemViewController.h */ = {isa = PBXFileReference; fileEncoding = 4; lastKnownFileType = sourcecode.c.h; path = SingleVideoItemViewController.h; sourceTree = "<group>"; };
		B56306121D936A8B0070A34F /* SingleVideoItemViewController.m */ = {isa = PBXFileReference; fileEncoding = 4; lastKnownFileType = sourcecode.c.objc; path = SingleVideoItemViewController.m; sourceTree = "<group>"; };
		B56306141D93D3760070A34F /* CourseTableHYViewController.h */ = {isa = PBXFileReference; fileEncoding = 4; lastKnownFileType = sourcecode.c.h; path = CourseTableHYViewController.h; sourceTree = "<group>"; };
		B56306151D93D3760070A34F /* CourseTableHYViewController.m */ = {isa = PBXFileReference; fileEncoding = 4; lastKnownFileType = sourcecode.c.objc; path = CourseTableHYViewController.m; sourceTree = "<group>"; };
		B56306171D93DC360070A34F /* ask.png */ = {isa = PBXFileReference; lastKnownFileType = image.png; name = ask.png; path = image/ask.png; sourceTree = "<group>"; };
		B56306181D93DC360070A34F /* back.png */ = {isa = PBXFileReference; lastKnownFileType = image.png; name = back.png; path = image/back.png; sourceTree = "<group>"; };
		B56306191D93DC360070A34F /* camera.png */ = {isa = PBXFileReference; lastKnownFileType = image.png; name = camera.png; path = image/camera.png; sourceTree = "<group>"; };
		B563061A1D93DC360070A34F /* camera0.png */ = {isa = PBXFileReference; lastKnownFileType = image.png; name = camera0.png; path = image/camera0.png; sourceTree = "<group>"; };
		B563061B1D93DC360070A34F /* close.png */ = {isa = PBXFileReference; lastKnownFileType = image.png; name = close.png; path = image/close.png; sourceTree = "<group>"; };
		B563061C1D93DC360070A34F /* course_video.png */ = {isa = PBXFileReference; lastKnownFileType = image.png; name = course_video.png; path = image/course_video.png; sourceTree = "<group>"; };
		B563061D1D93DC360070A34F /* dimg.jpg */ = {isa = PBXFileReference; lastKnownFileType = image.jpeg; name = dimg.jpg; path = image/dimg.jpg; sourceTree = "<group>"; };
		B563061E1D93DC360070A34F /* doc.png */ = {isa = PBXFileReference; lastKnownFileType = image.png; name = doc.png; path = image/doc.png; sourceTree = "<group>"; };
		B563061F1D93DC360070A34F /* edit.png */ = {isa = PBXFileReference; lastKnownFileType = image.png; name = edit.png; path = image/edit.png; sourceTree = "<group>"; };
		B56306201D93DC360070A34F /* face.png */ = {isa = PBXFileReference; lastKnownFileType = image.png; name = face.png; path = image/face.png; sourceTree = "<group>"; };
		B56306211D93DC360070A34F /* home.png */ = {isa = PBXFileReference; lastKnownFileType = image.png; name = home.png; path = image/home.png; sourceTree = "<group>"; };
		B56306221D93DC360070A34F /* ic_launcher.png */ = {isa = PBXFileReference; lastKnownFileType = image.png; name = ic_launcher.png; path = image/ic_launcher.png; sourceTree = "<group>"; };
		B56306231D93DC360070A34F /* meeting.png */ = {isa = PBXFileReference; lastKnownFileType = image.png; name = meeting.png; path = image/meeting.png; sourceTree = "<group>"; };
		B56306241D93DC360070A34F /* mic0.png */ = {isa = PBXFileReference; lastKnownFileType = image.png; name = mic0.png; path = image/mic0.png; sourceTree = "<group>"; };
		B56306251D93DC360070A34F /* mic1.png */ = {isa = PBXFileReference; lastKnownFileType = image.png; name = mic1.png; path = image/mic1.png; sourceTree = "<group>"; };
		B56306261D93DC360070A34F /* myincome.png */ = {isa = PBXFileReference; lastKnownFileType = image.png; name = myincome.png; path = image/myincome.png; sourceTree = "<group>"; };
		B56306271D93DC360070A34F /* off_role.png */ = {isa = PBXFileReference; lastKnownFileType = image.png; name = off_role.png; path = image/off_role.png; sourceTree = "<group>"; };
		B56306281D93DC360070A34F /* off.png */ = {isa = PBXFileReference; lastKnownFileType = image.png; name = off.png; path = image/off.png; sourceTree = "<group>"; };
		B56306291D93DC360070A34F /* on_role.png */ = {isa = PBXFileReference; lastKnownFileType = image.png; name = on_role.png; path = image/on_role.png; sourceTree = "<group>"; };
		B563062A1D93DC360070A34F /* on.png */ = {isa = PBXFileReference; lastKnownFileType = image.png; name = on.png; path = image/on.png; sourceTree = "<group>"; };
		B563062B1D93DC360070A34F /* pause.png */ = {isa = PBXFileReference; lastKnownFileType = image.png; name = pause.png; path = image/pause.png; sourceTree = "<group>"; };
		B563062C1D93DC360070A34F /* play.png */ = {isa = PBXFileReference; lastKnownFileType = image.png; name = play.png; path = image/play.png; sourceTree = "<group>"; };
		B563062D1D93DC360070A34F /* profile.png */ = {isa = PBXFileReference; lastKnownFileType = image.png; name = profile.png; path = image/profile.png; sourceTree = "<group>"; };
		B563062E1D93DC360070A34F /* qrcode.png */ = {isa = PBXFileReference; lastKnownFileType = image.png; name = qrcode.png; path = image/qrcode.png; sourceTree = "<group>"; };
		B563062F1D93DC360070A34F /* recent.png */ = {isa = PBXFileReference; lastKnownFileType = image.png; name = recent.png; path = image/recent.png; sourceTree = "<group>"; };
		B56306301D93DC360070A34F /* roll.png */ = {isa = PBXFileReference; lastKnownFileType = image.png; name = roll.png; path = image/roll.png; sourceTree = "<group>"; };
		B56306311D93DC360070A34F /* scan.png */ = {isa = PBXFileReference; lastKnownFileType = image.png; name = scan.png; path = image/scan.png; sourceTree = "<group>"; };
		B56306321D93DC360070A34F /* share_g.png */ = {isa = PBXFileReference; lastKnownFileType = image.png; name = share_g.png; path = image/share_g.png; sourceTree = "<group>"; };
		B56306331D93DC360070A34F /* share.png */ = {isa = PBXFileReference; lastKnownFileType = image.png; name = share.png; path = image/share.png; sourceTree = "<group>"; };
		B56306341D93DC360070A34F /* spacer_medium.xml */ = {isa = PBXFileReference; fileEncoding = 4; lastKnownFileType = text.xml; name = spacer_medium.xml; path = image/spacer_medium.xml; sourceTree = "<group>"; };
		B56306351D93DC360070A34F /* speaker_off.png */ = {isa = PBXFileReference; lastKnownFileType = image.png; name = speaker_off.png; path = image/speaker_off.png; sourceTree = "<group>"; };
		B56306361D93DC360070A34F /* speaker_on.png */ = {isa = PBXFileReference; lastKnownFileType = image.png; name = speaker_on.png; path = image/speaker_on.png; sourceTree = "<group>"; };
		B56306371D93DC360070A34F /* statics.png */ = {isa = PBXFileReference; lastKnownFileType = image.png; name = statics.png; path = image/statics.png; sourceTree = "<group>"; };
		B56306381D93DC360070A34F /* switch_camera.png */ = {isa = PBXFileReference; lastKnownFileType = image.png; name = switch_camera.png; path = image/switch_camera.png; sourceTree = "<group>"; };
		B56306391D93DC360070A34F /* take.jpg */ = {isa = PBXFileReference; lastKnownFileType = image.jpeg; name = take.jpg; path = image/take.jpg; sourceTree = "<group>"; };
		B563063A1D93DC360070A34F /* trainning_times.png */ = {isa = PBXFileReference; lastKnownFileType = image.png; name = trainning_times.png; path = image/trainning_times.png; sourceTree = "<group>"; };
		B563063B1D93DC360070A34F /* trainning.png */ = {isa = PBXFileReference; lastKnownFileType = image.png; name = trainning.png; path = image/trainning.png; sourceTree = "<group>"; };
		B563063C1D93DC360070A34F /* users.png */ = {isa = PBXFileReference; lastKnownFileType = image.png; name = users.png; path = image/users.png; sourceTree = "<group>"; };
		B563063D1D93DC360070A34F /* woojoin.png */ = {isa = PBXFileReference; lastKnownFileType = image.png; name = woojoin.png; path = image/woojoin.png; sourceTree = "<group>"; };
		B56306651D93E1D60070A34F /* CourseTablePXViewController.h */ = {isa = PBXFileReference; fileEncoding = 4; lastKnownFileType = sourcecode.c.h; path = CourseTablePXViewController.h; sourceTree = "<group>"; };
		B56306661D93E1D60070A34F /* CourseTablePXViewController.m */ = {isa = PBXFileReference; fileEncoding = 4; lastKnownFileType = sourcecode.c.objc; path = CourseTablePXViewController.m; sourceTree = "<group>"; };
		B579D2121DC1BAFD00B3ECE9 /* UserNotifications.framework */ = {isa = PBXFileReference; lastKnownFileType = wrapper.framework; name = UserNotifications.framework; path = System/Library/Frameworks/UserNotifications.framework; sourceTree = SDKROOT; };
		B59C279C1D7D5068000E66D5 /* RtSDK.framework */ = {isa = PBXFileReference; lastKnownFileType = wrapper.framework; path = RtSDK.framework; sourceTree = "<group>"; };
		B59C279E1D7D535E000E66D5 /* libz.tbd */ = {isa = PBXFileReference; lastKnownFileType = "sourcecode.text-based-dylib-definition"; name = libz.tbd; path = usr/lib/libz.tbd; sourceTree = SDKROOT; };
		B59C27A01D7D5367000E66D5 /* libiconv.tbd */ = {isa = PBXFileReference; lastKnownFileType = "sourcecode.text-based-dylib-definition"; name = libiconv.tbd; path = usr/lib/libiconv.tbd; sourceTree = SDKROOT; };
		B59C27A21D7D5375000E66D5 /* libicucore.tbd */ = {isa = PBXFileReference; lastKnownFileType = "sourcecode.text-based-dylib-definition"; name = libicucore.tbd; path = usr/lib/libicucore.tbd; sourceTree = SDKROOT; };
		B59EC2221DD5B33E007DC83D /* MessageUI.framework */ = {isa = PBXFileReference; lastKnownFileType = wrapper.framework; name = MessageUI.framework; path = System/Library/Frameworks/MessageUI.framework; sourceTree = SDKROOT; };
		B5C425911D8F6EBD00F09F96 /* ChoiceCenterViewController.h */ = {isa = PBXFileReference; fileEncoding = 4; lastKnownFileType = sourcecode.c.h; path = ChoiceCenterViewController.h; sourceTree = "<group>"; };
		B5C425921D8F6EBD00F09F96 /* ChoiceCenterViewController.m */ = {isa = PBXFileReference; fileEncoding = 4; lastKnownFileType = sourcecode.c.objc; path = ChoiceCenterViewController.m; sourceTree = "<group>"; };
		B5C425941D8F8BC100F09F96 /* BroadcastPXViewController.h */ = {isa = PBXFileReference; fileEncoding = 4; lastKnownFileType = sourcecode.c.h; path = BroadcastPXViewController.h; sourceTree = "<group>"; };
		B5C425951D8F8BC100F09F96 /* BroadcastPXViewController.m */ = {isa = PBXFileReference; fileEncoding = 4; lastKnownFileType = sourcecode.c.objc; path = BroadcastPXViewController.m; sourceTree = "<group>"; };
		B5D8987E1DC7192F00FDB7DB /* SeerseeJoin.entitlements */ = {isa = PBXFileReference; lastKnownFileType = text.plist.entitlements; path = SeerseeJoin.entitlements; sourceTree = "<group>"; };
		B5DAFAA51DAE179300409671 /* membersTableViewCell.h */ = {isa = PBXFileReference; fileEncoding = 4; lastKnownFileType = sourcecode.c.h; path = membersTableViewCell.h; sourceTree = "<group>"; };
		B5DAFAA61DAE179300409671 /* membersTableViewCell.m */ = {isa = PBXFileReference; fileEncoding = 4; lastKnownFileType = sourcecode.c.objc; path = membersTableViewCell.m; sourceTree = "<group>"; };
		B5E117D31DC1F2BD00A2529A /* WechatIMG1.jpeg */ = {isa = PBXFileReference; lastKnownFileType = image.jpeg; name = WechatIMG1.jpeg; path = image/WechatIMG1.jpeg; sourceTree = "<group>"; };
		B5E222AA1D7D6416003C662C /* OpenGLES.framework */ = {isa = PBXFileReference; lastKnownFileType = wrapper.framework; name = OpenGLES.framework; path = System/Library/Frameworks/OpenGLES.framework; sourceTree = SDKROOT; };
		B5E222AC1D7D641F003C662C /* AudioToolbox.framework */ = {isa = PBXFileReference; lastKnownFileType = wrapper.framework; name = AudioToolbox.framework; path = System/Library/Frameworks/AudioToolbox.framework; sourceTree = SDKROOT; };
		B5E222AE1D7D6426003C662C /* CoreMedia.framework */ = {isa = PBXFileReference; lastKnownFileType = wrapper.framework; name = CoreMedia.framework; path = System/Library/Frameworks/CoreMedia.framework; sourceTree = SDKROOT; };
		B5E222B01D7D6430003C662C /* GLKit.framework */ = {isa = PBXFileReference; lastKnownFileType = wrapper.framework; name = GLKit.framework; path = System/Library/Frameworks/GLKit.framework; sourceTree = SDKROOT; };
		B5E222B21D7D6452003C662C /* BaseItemViewController.h */ = {isa = PBXFileReference; fileEncoding = 4; lastKnownFileType = sourcecode.c.h; path = BaseItemViewController.h; sourceTree = "<group>"; };
		B5E222B31D7D6452003C662C /* BaseItemViewController.m */ = {isa = PBXFileReference; fileEncoding = 4; lastKnownFileType = sourcecode.c.objc; path = BaseItemViewController.m; sourceTree = "<group>"; };
		B5E222B41D7D6452003C662C /* LoginViewController.h */ = {isa = PBXFileReference; fileEncoding = 4; lastKnownFileType = sourcecode.c.h; path = LoginViewController.h; sourceTree = "<group>"; };
		B5E222B51D7D6452003C662C /* LoginViewController.m */ = {isa = PBXFileReference; fileEncoding = 4; lastKnownFileType = sourcecode.c.objc; path = LoginViewController.m; sourceTree = "<group>"; };
		B5E222B61D7D6452003C662C /* UserDefaults.h */ = {isa = PBXFileReference; fileEncoding = 4; lastKnownFileType = sourcecode.c.h; path = UserDefaults.h; sourceTree = "<group>"; };
		B5E222B71D7D6452003C662C /* UserDefaults.m */ = {isa = PBXFileReference; fileEncoding = 4; lastKnownFileType = sourcecode.c.objc; path = UserDefaults.m; sourceTree = "<group>"; };
		B5E79D551DC5C509004F9268 /* CourseAddViewController.h */ = {isa = PBXFileReference; fileEncoding = 4; lastKnownFileType = sourcecode.c.h; path = CourseAddViewController.h; sourceTree = "<group>"; };
		B5E79D561DC5C509004F9268 /* CourseAddViewController.m */ = {isa = PBXFileReference; fileEncoding = 4; lastKnownFileType = sourcecode.c.objc; path = CourseAddViewController.m; sourceTree = "<group>"; };
		B5E79D581DC5C518004F9268 /* CourseEditViewController.h */ = {isa = PBXFileReference; fileEncoding = 4; lastKnownFileType = sourcecode.c.h; path = CourseEditViewController.h; sourceTree = "<group>"; };
		B5E79D591DC5C518004F9268 /* CourseEditViewController.m */ = {isa = PBXFileReference; fileEncoding = 4; lastKnownFileType = sourcecode.c.objc; path = CourseEditViewController.m; sourceTree = "<group>"; };
		B5E92ED61D91433600E7D088 /* MemberCenterViewController.h */ = {isa = PBXFileReference; fileEncoding = 4; lastKnownFileType = sourcecode.c.h; path = MemberCenterViewController.h; sourceTree = "<group>"; };
		B5E92ED71D91433600E7D088 /* MemberCenterViewController.m */ = {isa = PBXFileReference; fileEncoding = 4; lastKnownFileType = sourcecode.c.objc; path = MemberCenterViewController.m; sourceTree = "<group>"; };
		B5EDAF861D950493009F75D3 /* AppConfig.h */ = {isa = PBXFileReference; fileEncoding = 4; lastKnownFileType = sourcecode.c.h; path = AppConfig.h; sourceTree = "<group>"; };
		B5EDAF871D950493009F75D3 /* AppConfig.m */ = {isa = PBXFileReference; fileEncoding = 4; lastKnownFileType = sourcecode.c.objc; path = AppConfig.m; sourceTree = "<group>"; };
		B5EE3BBD1DB7267500FFD27B /* QuestionTableViewCell.h */ = {isa = PBXFileReference; fileEncoding = 4; lastKnownFileType = sourcecode.c.h; path = QuestionTableViewCell.h; sourceTree = "<group>"; };
		B5EE3BBE1DB7267500FFD27B /* QuestionTableViewCell.m */ = {isa = PBXFileReference; fileEncoding = 4; lastKnownFileType = sourcecode.c.objc; path = QuestionTableViewCell.m; sourceTree = "<group>"; };
		B5F72E1E1D7FAF0E00F326DF /* ListViewController.h */ = {isa = PBXFileReference; fileEncoding = 4; lastKnownFileType = sourcecode.c.h; path = ListViewController.h; sourceTree = "<group>"; };
		B5F72E1F1D7FAF0E00F326DF /* ListViewController.m */ = {isa = PBXFileReference; fileEncoding = 4; lastKnownFileType = sourcecode.c.objc; path = ListViewController.m; sourceTree = "<group>"; };
		B5F72E211D7FF92A00F326DF /* CourseTableViewController.h */ = {isa = PBXFileReference; fileEncoding = 4; lastKnownFileType = sourcecode.c.h; path = CourseTableViewController.h; sourceTree = "<group>"; };
		B5F72E221D7FF92A00F326DF /* CourseTableViewController.m */ = {isa = PBXFileReference; fileEncoding = 4; lastKnownFileType = sourcecode.c.objc; path = CourseTableViewController.m; sourceTree = "<group>"; };
		B5F7B54D1DBD9FE500936177 /* VodSDK.framework */ = {isa = PBXFileReference; lastKnownFileType = wrapper.framework; path = VodSDK.framework; sourceTree = "<group>"; };
		B5F7B54F1DBDA09800936177 /* RecordingPlayViewController.h */ = {isa = PBXFileReference; fileEncoding = 4; lastKnownFileType = sourcecode.c.h; path = RecordingPlayViewController.h; sourceTree = "<group>"; };
		B5F7B5501DBDA09800936177 /* RecordingPlayViewController.m */ = {isa = PBXFileReference; fileEncoding = 4; lastKnownFileType = sourcecode.c.objc; path = RecordingPlayViewController.m; sourceTree = "<group>"; };
		B5F7B5521DBDA15200936177 /* SpeedSettingViewController.h */ = {isa = PBXFileReference; fileEncoding = 4; lastKnownFileType = sourcecode.c.h; path = SpeedSettingViewController.h; sourceTree = "<group>"; };
		B5F7B5531DBDA15200936177 /* SpeedSettingViewController.m */ = {isa = PBXFileReference; fileEncoding = 4; lastKnownFileType = sourcecode.c.objc; path = SpeedSettingViewController.m; sourceTree = "<group>"; };
		B5F7B5551DBDA89100936177 /* DownLoadViewController.h */ = {isa = PBXFileReference; fileEncoding = 4; lastKnownFileType = sourcecode.c.h; path = DownLoadViewController.h; sourceTree = "<group>"; };
		B5F7B5561DBDA89100936177 /* DownLoadViewController.m */ = {isa = PBXFileReference; fileEncoding = 4; lastKnownFileType = sourcecode.c.objc; path = DownLoadViewController.m; sourceTree = "<group>"; };
		B5F7B5581DBDB23000936177 /* OpenAL.framework */ = {isa = PBXFileReference; lastKnownFileType = wrapper.framework; name = OpenAL.framework; path = System/Library/Frameworks/OpenAL.framework; sourceTree = SDKROOT; };
		B5F9DAF11D7D41430071D617 /* SeerseeJoin.app */ = {isa = PBXFileReference; explicitFileType = wrapper.application; includeInIndex = 0; path = SeerseeJoin.app; sourceTree = BUILT_PRODUCTS_DIR; };
		B5F9DAF51D7D41430071D617 /* main.m */ = {isa = PBXFileReference; lastKnownFileType = sourcecode.c.objc; path = main.m; sourceTree = "<group>"; };
		B5F9DAF71D7D41430071D617 /* AppDelegate.h */ = {isa = PBXFileReference; lastKnownFileType = sourcecode.c.h; path = AppDelegate.h; sourceTree = "<group>"; };
		B5F9DAF81D7D41430071D617 /* AppDelegate.mm */ = {isa = PBXFileReference; lastKnownFileType = sourcecode.cpp.objcpp; path = AppDelegate.mm; sourceTree = "<group>"; };
		B5F9DAFE1D7D41430071D617 /* Base */ = {isa = PBXFileReference; lastKnownFileType = file.storyboard; name = Base; path = Base.lproj/Main.storyboard; sourceTree = "<group>"; };
		B5F9DB001D7D41430071D617 /* Assets.xcassets */ = {isa = PBXFileReference; lastKnownFileType = folder.assetcatalog; path = Assets.xcassets; sourceTree = "<group>"; };
		B5F9DB031D7D41430071D617 /* Base */ = {isa = PBXFileReference; lastKnownFileType = file.storyboard; name = Base; path = Base.lproj/LaunchScreen.storyboard; sourceTree = "<group>"; };
		B5F9DB051D7D41430071D617 /* Info.plist */ = {isa = PBXFileReference; lastKnownFileType = text.plist.xml; path = Info.plist; sourceTree = "<group>"; };
		CF772F10A8E8CB09D0B45742 /* libPods-SeerseeJoin.a */ = {isa = PBXFileReference; explicitFileType = archive.ar; includeInIndex = 0; path = "libPods-SeerseeJoin.a"; sourceTree = BUILT_PRODUCTS_DIR; };
		F31E09281CBF673A12D21338 /* Pods-SeerseeJoin.debug.xcconfig */ = {isa = PBXFileReference; includeInIndex = 1; lastKnownFileType = text.xcconfig; name = "Pods-SeerseeJoin.debug.xcconfig"; path = "Pods/Target Support Files/Pods-SeerseeJoin/Pods-SeerseeJoin.debug.xcconfig"; sourceTree = "<group>"; };
/* End PBXFileReference section */

/* Begin PBXFrameworksBuildPhase section */
		B5F9DAEE1D7D41430071D617 /* Frameworks */ = {
			isa = PBXFrameworksBuildPhase;
			buildActionMask = 2147483647;
			files = (
				B54BD8DC1DB89BD5000CBE52 /* SystemConfiguration.framework in Frameworks */,
				B59EC2231DD5B33E007DC83D /* MessageUI.framework in Frameworks */,
				B579D2131DC1BAFD00B3ECE9 /* UserNotifications.framework in Frameworks */,
				B5F7B5591DBDB23000936177 /* OpenAL.framework in Frameworks */,
				B5F7B54E1DBD9FE500936177 /* VodSDK.framework in Frameworks */,
				B54BD8E41DB8A84A000CBE52 /* AdSupport.framework in Frameworks */,
				B54BD8E21DB89C10000CBE52 /* Security.framework in Frameworks */,
				B50073561D9004A900984CBA /* UIKit.framework in Frameworks */,
				B54BD8E01DB89BF2000CBE52 /* Foundation.framework in Frameworks */,
				B54BD8DE1DB89BE0000CBE52 /* CoreGraphics.framework in Frameworks */,
				B54BD8DA1DB89BCB000CBE52 /* CoreTelephony.framework in Frameworks */,
				B54BD8D81DB89BBF000CBE52 /* CoreFoundation.framework in Frameworks */,
				B54BD8D61DB89BB2000CBE52 /* CFNetwork.framework in Frameworks */,
				B5E222B11D7D6430003C662C /* GLKit.framework in Frameworks */,
				B5E222AF1D7D6426003C662C /* CoreMedia.framework in Frameworks */,
				B5E222AD1D7D641F003C662C /* AudioToolbox.framework in Frameworks */,
				B5E222AB1D7D6416003C662C /* OpenGLES.framework in Frameworks */,
				B54BD8D41DB89B94000CBE52 /* jpush-ios-2.1.9.a in Frameworks */,
				B5E222A91D7D63D8003C662C /* libicucore.tbd in Frameworks */,
				B5E222A81D7D63C9003C662C /* libiconv.tbd in Frameworks */,
				B5E222A71D7D63B6003C662C /* libz.tbd in Frameworks */,
				B59C279D1D7D5068000E66D5 /* RtSDK.framework in Frameworks */,
				797B5B71DA0D4D05C73C4AB2 /* libPods-SeerseeJoin.a in Frameworks */,
			);
			runOnlyForDeploymentPostprocessing = 0;
		};
/* End PBXFrameworksBuildPhase section */

/* Begin PBXGroup section */
		1A84559C8E6BF0E606ED38DD /* Pods */ = {
			isa = PBXGroup;
			children = (
				F31E09281CBF673A12D21338 /* Pods-SeerseeJoin.debug.xcconfig */,
				B44E7F526AE0A8CEDB4D26F0 /* Pods-SeerseeJoin.release.xcconfig */,
			);
			name = Pods;
			sourceTree = "<group>";
		};
		AB6647AD7A28FF29506EDAD3 /* Frameworks */ = {
			isa = PBXGroup;
			children = (
				B59EC2221DD5B33E007DC83D /* MessageUI.framework */,
				B579D2121DC1BAFD00B3ECE9 /* UserNotifications.framework */,
				B5F7B5581DBDB23000936177 /* OpenAL.framework */,
				B5F7B54D1DBD9FE500936177 /* VodSDK.framework */,
				B54BD8E31DB8A84A000CBE52 /* AdSupport.framework */,
				B54BD8E11DB89C10000CBE52 /* Security.framework */,
				B54BD8DF1DB89BF2000CBE52 /* Foundation.framework */,
				B54BD8DD1DB89BE0000CBE52 /* CoreGraphics.framework */,
				B54BD8DB1DB89BD5000CBE52 /* SystemConfiguration.framework */,
				B54BD8D91DB89BCB000CBE52 /* CoreTelephony.framework */,
				B54BD8D71DB89BBF000CBE52 /* CoreFoundation.framework */,
				B54BD8D51DB89BB2000CBE52 /* CFNetwork.framework */,
				B50073551D9004A900984CBA /* UIKit.framework */,
				B500734D1D9001CC00984CBA /* libAFNetworking.a */,
				B500734E1D9001CC00984CBA /* libBlocksKit.a */,
				B500734F1D9001CC00984CBA /* libMBProgressHUD.a */,
				B50073501D9001CC00984CBA /* libOAuthConsumer.a */,
				B500734B1D9001B600984CBA /* libShareManager.a */,
				B50073491D90010C00984CBA /* libstdc++.6.0.9.dylib */,
				B50073471D9000DA00984CBA /* libicucore.A.dylib */,
				B50073441D90007300984CBA /* libz.1.dylib */,
				B50073421D90003F00984CBA /* libsqlite3.dylib */,
				B5E222B01D7D6430003C662C /* GLKit.framework */,
				B5E222AE1D7D6426003C662C /* CoreMedia.framework */,
				B5E222AC1D7D641F003C662C /* AudioToolbox.framework */,
				B5E222AA1D7D6416003C662C /* OpenGLES.framework */,
				B59C27A21D7D5375000E66D5 /* libicucore.tbd */,
				B59C27A01D7D5367000E66D5 /* libiconv.tbd */,
				B59C279E1D7D535E000E66D5 /* libz.tbd */,
				B59C279C1D7D5068000E66D5 /* RtSDK.framework */,
				CF772F10A8E8CB09D0B45742 /* libPods-SeerseeJoin.a */,
			);
			name = Frameworks;
			sourceTree = "<group>";
		};
		B50C89881D89244A005CCF4C /* image */ = {
			isa = PBXGroup;
			children = (
				B55A0BA31DCC5BA70000A2DA /* aboutus.png */,
				B5E117D31DC1F2BD00A2529A /* WechatIMG1.jpeg */,
				B5373F3F1DBA098B0075AB6C /* bg.jpg */,
				B5373F401DBA098B0075AB6C /* chat_new.png */,
				B5373F411DBA098B0075AB6C /* chat.png */,
				B5373F421DBA098B0075AB6C /* default_select_photo.png */,
				B5373F431DBA098B0075AB6C /* delete.png */,
				B5373F441DBA098B0075AB6C /* erase.png */,
				B5373F451DBA098B0075AB6C /* hand.png */,
				B5373F461DBA098B0075AB6C /* pen_black.png */,
				B5373F471DBA098B0075AB6C /* pen_blue.png */,
				B5373F481DBA098B0075AB6C /* pen_red.png */,
				B5373F491DBA098B0075AB6C /* pen.png */,
				B5373F4A1DBA098B0075AB6C /* replay.png */,
				B5373F4B1DBA098B0075AB6C /* size_640.png */,
				B5373F4C1DBA098B0075AB6C /* size_1280.png */,
				B5373F4D1DBA098B0075AB6C /* stop.png */,
				B56306171D93DC360070A34F /* ask.png */,
				B56306181D93DC360070A34F /* back.png */,
				B56306191D93DC360070A34F /* camera.png */,
				B563061A1D93DC360070A34F /* camera0.png */,
				B563061B1D93DC360070A34F /* close.png */,
				B563061C1D93DC360070A34F /* course_video.png */,
				B563061D1D93DC360070A34F /* dimg.jpg */,
				B563061E1D93DC360070A34F /* doc.png */,
				B563061F1D93DC360070A34F /* edit.png */,
				B56306201D93DC360070A34F /* face.png */,
				B56306211D93DC360070A34F /* home.png */,
				B56306221D93DC360070A34F /* ic_launcher.png */,
				B56306231D93DC360070A34F /* meeting.png */,
				B56306241D93DC360070A34F /* mic0.png */,
				B56306251D93DC360070A34F /* mic1.png */,
				B56306261D93DC360070A34F /* myincome.png */,
				B56306271D93DC360070A34F /* off_role.png */,
				B56306281D93DC360070A34F /* off.png */,
				B56306291D93DC360070A34F /* on_role.png */,
				B563062A1D93DC360070A34F /* on.png */,
				B563062B1D93DC360070A34F /* pause.png */,
				B563062C1D93DC360070A34F /* play.png */,
				B563062D1D93DC360070A34F /* profile.png */,
				B563062E1D93DC360070A34F /* qrcode.png */,
				B563062F1D93DC360070A34F /* recent.png */,
				B56306301D93DC360070A34F /* roll.png */,
				B56306311D93DC360070A34F /* scan.png */,
				B56306321D93DC360070A34F /* share_g.png */,
				B56306331D93DC360070A34F /* share.png */,
				B56306341D93DC360070A34F /* spacer_medium.xml */,
				B56306351D93DC360070A34F /* speaker_off.png */,
				B56306361D93DC360070A34F /* speaker_on.png */,
				B56306371D93DC360070A34F /* statics.png */,
				B56306381D93DC360070A34F /* switch_camera.png */,
				B56306391D93DC360070A34F /* take.jpg */,
				B563063A1D93DC360070A34F /* trainning_times.png */,
				B563063B1D93DC360070A34F /* trainning.png */,
				B563063C1D93DC360070A34F /* users.png */,
				B563063D1D93DC360070A34F /* woojoin.png */,
			);
			name = image;
			sourceTree = "<group>";
		};
		B54BD8D11DB89B73000CBE52 /* Jpush */ = {
			isa = PBXGroup;
			children = (
				B54BD8E51DB8AED8000CBE52 /* JpushTabBarViewController.xib */,
				B54BD8D21DB89B94000CBE52 /* jpush-ios-2.1.9.a */,
				B54BD8D31DB89B94000CBE52 /* JPUSHService.h */,
			);
			name = Jpush;
			sourceTree = "<group>";
		};
		B5F9DAE81D7D41430071D617 = {
			isa = PBXGroup;
			children = (
				B5F9DAF31D7D41430071D617 /* SeerseeJoin */,
				B5F9DAF21D7D41430071D617 /* Products */,
				1A84559C8E6BF0E606ED38DD /* Pods */,
				AB6647AD7A28FF29506EDAD3 /* Frameworks */,
			);
			sourceTree = "<group>";
		};
		B5F9DAF21D7D41430071D617 /* Products */ = {
			isa = PBXGroup;
			children = (
				B5F9DAF11D7D41430071D617 /* SeerseeJoin.app */,
			);
			name = Products;
			sourceTree = "<group>";
		};
		B5F9DAF31D7D41430071D617 /* SeerseeJoin */ = {
			isa = PBXGroup;
			children = (
				B5D8987E1DC7192F00FDB7DB /* SeerseeJoin.entitlements */,
				B54BD8D11DB89B73000CBE52 /* Jpush */,
				B50C89881D89244A005CCF4C /* image */,
				B5E222B21D7D6452003C662C /* BaseItemViewController.h */,
				B5E222B31D7D6452003C662C /* BaseItemViewController.m */,
				B5EDAF861D950493009F75D3 /* AppConfig.h */,
				B5EDAF871D950493009F75D3 /* AppConfig.m */,
				B5E222B61D7D6452003C662C /* UserDefaults.h */,
				B5E222B71D7D6452003C662C /* UserDefaults.m */,
				B51C38B11D9E59B100C0A1B8 /* member.h */,
				B51C38B21D9E59B100C0A1B8 /* member.m */,
				B50BF5081DB5C46C00A79380 /* MemberBase.h */,
				B50BF5091DB5C46C00A79380 /* MemberBase.m */,
				B5F9DAF71D7D41430071D617 /* AppDelegate.h */,
				B5F9DAF81D7D41430071D617 /* AppDelegate.mm */,
				B5F9DAFD1D7D41430071D617 /* Main.storyboard */,
				B5F9DB001D7D41430071D617 /* Assets.xcassets */,
				B5F9DB021D7D41430071D617 /* LaunchScreen.storyboard */,
				B5F9DB051D7D41430071D617 /* Info.plist */,
				B5F9DAF41D7D41430071D617 /* Supporting Files */,
				B5F72E1E1D7FAF0E00F326DF /* ListViewController.h */,
				B5F72E1F1D7FAF0E00F326DF /* ListViewController.m */,
				B5C425911D8F6EBD00F09F96 /* ChoiceCenterViewController.h */,
				B5C425921D8F6EBD00F09F96 /* ChoiceCenterViewController.m */,
				B5E222B41D7D6452003C662C /* LoginViewController.h */,
				B5E222B51D7D6452003C662C /* LoginViewController.m */,
				B5E79D581DC5C518004F9268 /* CourseEditViewController.h */,
				B5E79D591DC5C518004F9268 /* CourseEditViewController.m */,
				B5E79D551DC5C509004F9268 /* CourseAddViewController.h */,
				B5E79D561DC5C509004F9268 /* CourseAddViewController.m */,
				B5F72E211D7FF92A00F326DF /* CourseTableViewController.h */,
				B5F72E221D7FF92A00F326DF /* CourseTableViewController.m */,
				B56306141D93D3760070A34F /* CourseTableHYViewController.h */,
				B56306151D93D3760070A34F /* CourseTableHYViewController.m */,
				B56306651D93E1D60070A34F /* CourseTablePXViewController.h */,
				B56306661D93E1D60070A34F /* CourseTablePXViewController.m */,
				B50C89851D88D374005CCF4C /* CourseCellTableViewCell.h */,
				B50C89861D88D374005CCF4C /* CourseCellTableViewCell.m */,
				B5DAFAA51DAE179300409671 /* membersTableViewCell.h */,
				B5DAFAA61DAE179300409671 /* membersTableViewCell.m */,
				B5EE3BBD1DB7267500FFD27B /* QuestionTableViewCell.h */,
				B5EE3BBE1DB7267500FFD27B /* QuestionTableViewCell.m */,
				B519934B1D8E85B700CE8904 /* BroadcastHYViewController.h */,
				B519934C1D8E85B700CE8904 /* BroadcastHYViewController.m */,
				B5C425941D8F8BC100F09F96 /* BroadcastPXViewController.h */,
				B5C425951D8F8BC100F09F96 /* BroadcastPXViewController.m */,
				B506B32C1DDBFF6D009CEAD0 /* BroadcastWEBViewController.h */,
				B506B32D1DDBFF6D009CEAD0 /* BroadcastWEBViewController.m */,
				B5E92ED61D91433600E7D088 /* MemberCenterViewController.h */,
				B5E92ED71D91433600E7D088 /* MemberCenterViewController.m */,
				B56306111D936A8B0070A34F /* SingleVideoItemViewController.h */,
				B56306121D936A8B0070A34F /* SingleVideoItemViewController.m */,
				B51EBDD31DA8DF8900164141 /* testViewController.h */,
				B51EBDD41DA8DF8900164141 /* testViewController.m */,
				B5373F361DB9BADE0075AB6C /* RecordingTableViewController.h */,
				B5373F371DB9BADE0075AB6C /* RecordingTableViewController.m */,
				B5373F3C1DB9C0B20075AB6C /* RecordingTableViewCell.h */,
				B5373F3D1DB9C0B20075AB6C /* RecordingTableViewCell.m */,
				B5F7B54F1DBDA09800936177 /* RecordingPlayViewController.h */,
				B5F7B5501DBDA09800936177 /* RecordingPlayViewController.m */,
				B5F7B5551DBDA89100936177 /* DownLoadViewController.h */,
				B5F7B5561DBDA89100936177 /* DownLoadViewController.m */,
				B5F7B5521DBDA15200936177 /* SpeedSettingViewController.h */,
				B5F7B5531DBDA15200936177 /* SpeedSettingViewController.m */,
				B556E9331DD45C3B00A04C8B /* GGPublicNavigationViewController.h */,
				B556E9341DD45C3B00A04C8B /* GGPublicNavigationViewController.m */,
			);
			path = SeerseeJoin;
			sourceTree = "<group>";
		};
		B5F9DAF41D7D41430071D617 /* Supporting Files */ = {
			isa = PBXGroup;
			children = (
				B5F9DAF51D7D41430071D617 /* main.m */,
			);
			name = "Supporting Files";
			sourceTree = "<group>";
		};
/* End PBXGroup section */

/* Begin PBXNativeTarget section */
		B5F9DAF01D7D41430071D617 /* SeerseeJoin */ = {
			isa = PBXNativeTarget;
			buildConfigurationList = B5F9DB081D7D41430071D617 /* Build configuration list for PBXNativeTarget "SeerseeJoin" */;
			buildPhases = (
				23D65CED934F252DA4895887 /* [CP] Check Pods Manifest.lock */,
				B5F9DAED1D7D41430071D617 /* Sources */,
				B5F9DAEE1D7D41430071D617 /* Frameworks */,
				B5F9DAEF1D7D41430071D617 /* Resources */,
				918AA2CA13F55F5E83326C97 /* [CP] Embed Pods Frameworks */,
				BF091F54526E4875FA7ED95B /* [CP] Copy Pods Resources */,
			);
			buildRules = (
			);
			dependencies = (
			);
			name = SeerseeJoin;
			productName = SeerseeJoin;
			productReference = B5F9DAF11D7D41430071D617 /* SeerseeJoin.app */;
			productType = "com.apple.product-type.application";
		};
/* End PBXNativeTarget section */

/* Begin PBXProject section */
		B5F9DAE91D7D41430071D617 /* Project object */ = {
			isa = PBXProject;
			attributes = {
				LastUpgradeCheck = 0730;
				ORGANIZATIONNAME = hawaii;
				TargetAttributes = {
					B5F9DAF01D7D41430071D617 = {
						CreatedOnToolsVersion = 7.3.1;
						DevelopmentTeam = 2J9CF33RNJ;
						SystemCapabilities = {
							com.apple.Push = {
								enabled = 1;
							};
						};
					};
				};
			};
			buildConfigurationList = B5F9DAEC1D7D41430071D617 /* Build configuration list for PBXProject "SeerseeJoin" */;
			compatibilityVersion = "Xcode 3.2";
			developmentRegion = English;
			hasScannedForEncodings = 0;
			knownRegions = (
				en,
				Base,
			);
			mainGroup = B5F9DAE81D7D41430071D617;
			productRefGroup = B5F9DAF21D7D41430071D617 /* Products */;
			projectDirPath = "";
			projectRoot = "";
			targets = (
				B5F9DAF01D7D41430071D617 /* SeerseeJoin */,
			);
		};
/* End PBXProject section */

/* Begin PBXResourcesBuildPhase section */
		B5F9DAEF1D7D41430071D617 /* Resources */ = {
			isa = PBXResourcesBuildPhase;
			buildActionMask = 2147483647;
			files = (
				B5373F521DBA098B0075AB6C /* delete.png in Resources */,
				B5373F511DBA098B0075AB6C /* default_select_photo.png in Resources */,
				B54BD8E61DB8AED8000CBE52 /* JpushTabBarViewController.xib in Resources */,
				B5373F5A1DBA098B0075AB6C /* size_640.png in Resources */,
				B5F9DB041D7D41430071D617 /* LaunchScreen.storyboard in Resources */,
				B56306451D93DC360070A34F /* doc.png in Resources */,
				B5373F561DBA098B0075AB6C /* pen_blue.png in Resources */,
				B5373F5B1DBA098B0075AB6C /* size_1280.png in Resources */,
				B56306521D93DC360070A34F /* pause.png in Resources */,
				B56306481D93DC360070A34F /* home.png in Resources */,
				B56306511D93DC360070A34F /* on.png in Resources */,
				B5373F581DBA098B0075AB6C /* pen.png in Resources */,
				B5373F531DBA098B0075AB6C /* erase.png in Resources */,
				B563064E1D93DC360070A34F /* off_role.png in Resources */,
				B563063F1D93DC360070A34F /* back.png in Resources */,
				B563065B1D93DC360070A34F /* spacer_medium.xml in Resources */,
				B56306591D93DC360070A34F /* share_g.png in Resources */,
				B563065D1D93DC360070A34F /* speaker_on.png in Resources */,
				B563064D1D93DC360070A34F /* myincome.png in Resources */,
				B56306501D93DC360070A34F /* on_role.png in Resources */,
				B5373F541DBA098B0075AB6C /* hand.png in Resources */,
				B56306611D93DC360070A34F /* trainning_times.png in Resources */,
				B563065C1D93DC360070A34F /* speaker_off.png in Resources */,
				B5373F501DBA098B0075AB6C /* chat.png in Resources */,
				B56306491D93DC360070A34F /* ic_launcher.png in Resources */,
				B56306421D93DC360070A34F /* close.png in Resources */,
				B563063E1D93DC360070A34F /* ask.png in Resources */,
				B56306641D93DC360070A34F /* woojoin.png in Resources */,
				B56306631D93DC360070A34F /* users.png in Resources */,
				B563064F1D93DC360070A34F /* off.png in Resources */,
				B56306541D93DC360070A34F /* profile.png in Resources */,
				B563065A1D93DC360070A34F /* share.png in Resources */,
				B563065F1D93DC360070A34F /* switch_camera.png in Resources */,
				B563064A1D93DC360070A34F /* meeting.png in Resources */,
				B56306461D93DC360070A34F /* edit.png in Resources */,
				B56306431D93DC360070A34F /* course_video.png in Resources */,
				B5373F4F1DBA098B0075AB6C /* chat_new.png in Resources */,
				B56306411D93DC360070A34F /* camera0.png in Resources */,
				B563064C1D93DC360070A34F /* mic1.png in Resources */,
				B56306621D93DC360070A34F /* trainning.png in Resources */,
				B56306571D93DC360070A34F /* roll.png in Resources */,
				B55A0BA41DCC5BA70000A2DA /* aboutus.png in Resources */,
				B5373F591DBA098B0075AB6C /* replay.png in Resources */,
				B56306601D93DC360070A34F /* take.jpg in Resources */,
				B56306471D93DC360070A34F /* face.png in Resources */,
				B56306441D93DC360070A34F /* dimg.jpg in Resources */,
				B563064B1D93DC360070A34F /* mic0.png in Resources */,
				B56306561D93DC360070A34F /* recent.png in Resources */,
				B563065E1D93DC360070A34F /* statics.png in Resources */,
				B56306531D93DC360070A34F /* play.png in Resources */,
				B5F9DB011D7D41430071D617 /* Assets.xcassets in Resources */,
				B5373F571DBA098B0075AB6C /* pen_red.png in Resources */,
				B5E117D41DC1F2BD00A2529A /* WechatIMG1.jpeg in Resources */,
				B5373F551DBA098B0075AB6C /* pen_black.png in Resources */,
				B56306581D93DC360070A34F /* scan.png in Resources */,
				B5373F5C1DBA098B0075AB6C /* stop.png in Resources */,
				B56306551D93DC360070A34F /* qrcode.png in Resources */,
				B56306401D93DC360070A34F /* camera.png in Resources */,
				B5373F4E1DBA098B0075AB6C /* bg.jpg in Resources */,
				B5F9DAFF1D7D41430071D617 /* Main.storyboard in Resources */,
			);
			runOnlyForDeploymentPostprocessing = 0;
		};
/* End PBXResourcesBuildPhase section */

/* Begin PBXShellScriptBuildPhase section */
		23D65CED934F252DA4895887 /* [CP] Check Pods Manifest.lock */ = {
			isa = PBXShellScriptBuildPhase;
			buildActionMask = 2147483647;
			files = (
			);
			inputPaths = (
			);
			name = "[CP] Check Pods Manifest.lock";
			outputPaths = (
			);
			runOnlyForDeploymentPostprocessing = 0;
			shellPath = /bin/sh;
			shellScript = "diff \"${PODS_ROOT}/../Podfile.lock\" \"${PODS_ROOT}/Manifest.lock\" > /dev/null\nif [[ $? != 0 ]] ; then\n    cat << EOM\nerror: The sandbox is not in sync with the Podfile.lock. Run 'pod install' or update your CocoaPods installation.\nEOM\n    exit 1\nfi\n";
			showEnvVarsInLog = 0;
		};
		918AA2CA13F55F5E83326C97 /* [CP] Embed Pods Frameworks */ = {
			isa = PBXShellScriptBuildPhase;
			buildActionMask = 2147483647;
			files = (
			);
			inputPaths = (
			);
			name = "[CP] Embed Pods Frameworks";
			outputPaths = (
			);
			runOnlyForDeploymentPostprocessing = 0;
			shellPath = /bin/sh;
			shellScript = "\"${SRCROOT}/Pods/Target Support Files/Pods-SeerseeJoin/Pods-SeerseeJoin-frameworks.sh\"\n";
			showEnvVarsInLog = 0;
		};
		BF091F54526E4875FA7ED95B /* [CP] Copy Pods Resources */ = {
			isa = PBXShellScriptBuildPhase;
			buildActionMask = 2147483647;
			files = (
			);
			inputPaths = (
			);
			name = "[CP] Copy Pods Resources";
			outputPaths = (
			);
			runOnlyForDeploymentPostprocessing = 0;
			shellPath = /bin/sh;
			shellScript = "\"${SRCROOT}/Pods/Target Support Files/Pods-SeerseeJoin/Pods-SeerseeJoin-resources.sh\"\n";
			showEnvVarsInLog = 0;
		};
/* End PBXShellScriptBuildPhase section */

/* Begin PBXSourcesBuildPhase section */
		B5F9DAED1D7D41430071D617 /* Sources */ = {
			isa = PBXSourcesBuildPhase;
			buildActionMask = 2147483647;
			files = (
				B50C89871D88D374005CCF4C /* CourseCellTableViewCell.m in Sources */,
				B506B32E1DDBFF6D009CEAD0 /* BroadcastWEBViewController.m in Sources */,
				B5EE3BBF1DB7267500FFD27B /* QuestionTableViewCell.m in Sources */,
				B5C425931D8F6EBD00F09F96 /* ChoiceCenterViewController.m in Sources */,
				B5F7B5541DBDA15200936177 /* SpeedSettingViewController.m in Sources */,
				B5E222B91D7D6452003C662C /* LoginViewController.m in Sources */,
				B5E222BA1D7D6452003C662C /* UserDefaults.m in Sources */,
				B5373F3E1DB9C0B20075AB6C /* RecordingTableViewCell.m in Sources */,
				B5C425961D8F8BC100F09F96 /* BroadcastPXViewController.m in Sources */,
				B5F72E201D7FAF0E00F326DF /* ListViewController.m in Sources */,
				B5F9DAF91D7D41430071D617 /* AppDelegate.mm in Sources */,
				B56306161D93D3760070A34F /* CourseTableHYViewController.m in Sources */,
				B56306671D93E1D60070A34F /* CourseTablePXViewController.m in Sources */,
				B5E222B81D7D6452003C662C /* BaseItemViewController.m in Sources */,
				B5F7B5571DBDA89100936177 /* DownLoadViewController.m in Sources */,
				B51C38B31D9E59B100C0A1B8 /* member.m in Sources */,
				B519934D1D8E85B700CE8904 /* BroadcastHYViewController.m in Sources */,
				B50BF50A1DB5C46C00A79380 /* MemberBase.m in Sources */,
				B51EBDD51DA8DF8900164141 /* testViewController.m in Sources */,
				B5F7B5511DBDA09800936177 /* RecordingPlayViewController.m in Sources */,
				B5E79D5A1DC5C519004F9268 /* CourseEditViewController.m in Sources */,
				B5DAFAA71DAE179300409671 /* membersTableViewCell.m in Sources */,
				B5F9DAF61D7D41430071D617 /* main.m in Sources */,
				B56306131D936A8B0070A34F /* SingleVideoItemViewController.m in Sources */,
				B5F72E231D7FF92A00F326DF /* CourseTableViewController.m in Sources */,
				B5373F381DB9BADE0075AB6C /* RecordingTableViewController.m in Sources */,
				B5E92ED81D91433600E7D088 /* MemberCenterViewController.m in Sources */,
				B5E79D571DC5C509004F9268 /* CourseAddViewController.m in Sources */,
				B5EDAF881D950493009F75D3 /* AppConfig.m in Sources */,
				B556E9351DD45C3B00A04C8B /* GGPublicNavigationViewController.m in Sources */,
			);
			runOnlyForDeploymentPostprocessing = 0;
		};
/* End PBXSourcesBuildPhase section */

/* Begin PBXVariantGroup section */
		B5F9DAFD1D7D41430071D617 /* Main.storyboard */ = {
			isa = PBXVariantGroup;
			children = (
				B5F9DAFE1D7D41430071D617 /* Base */,
			);
			name = Main.storyboard;
			sourceTree = "<group>";
		};
		B5F9DB021D7D41430071D617 /* LaunchScreen.storyboard */ = {
			isa = PBXVariantGroup;
			children = (
				B5F9DB031D7D41430071D617 /* Base */,
			);
			name = LaunchScreen.storyboard;
			sourceTree = "<group>";
		};
/* End PBXVariantGroup section */

/* Begin XCBuildConfiguration section */
		B5F9DB061D7D41430071D617 /* Debug */ = {
			isa = XCBuildConfiguration;
			buildSettings = {
				ALWAYS_SEARCH_USER_PATHS = NO;
				CLANG_ANALYZER_NONNULL = YES;
				CLANG_CXX_LANGUAGE_STANDARD = "gnu++0x";
				CLANG_CXX_LIBRARY = "libc++";
				CLANG_ENABLE_MODULES = YES;
				CLANG_ENABLE_OBJC_ARC = YES;
				CLANG_WARN_BOOL_CONVERSION = YES;
				CLANG_WARN_CONSTANT_CONVERSION = YES;
				CLANG_WARN_DIRECT_OBJC_ISA_USAGE = YES_ERROR;
				CLANG_WARN_EMPTY_BODY = YES;
				CLANG_WARN_ENUM_CONVERSION = YES;
				CLANG_WARN_INT_CONVERSION = YES;
				CLANG_WARN_OBJC_ROOT_CLASS = YES_ERROR;
				CLANG_WARN_UNREACHABLE_CODE = YES;
				CLANG_WARN__DUPLICATE_METHOD_MATCH = YES;
				"CODE_SIGN_IDENTITY[sdk=iphoneos*]" = "iPhone Developer";
				COPY_PHASE_STRIP = NO;
				DEBUG_INFORMATION_FORMAT = dwarf;
				ENABLE_BITCODE = NO;
				ENABLE_STRICT_OBJC_MSGSEND = YES;
				ENABLE_TESTABILITY = YES;
				GCC_C_LANGUAGE_STANDARD = gnu99;
				GCC_DYNAMIC_NO_PIC = NO;
				GCC_NO_COMMON_BLOCKS = YES;
				GCC_OPTIMIZATION_LEVEL = 0;
				GCC_PREPROCESSOR_DEFINITIONS = (
					"DEBUG=1",
					"$(inherited)",
				);
				GCC_WARN_64_TO_32_BIT_CONVERSION = YES;
				GCC_WARN_ABOUT_RETURN_TYPE = YES_ERROR;
				GCC_WARN_UNDECLARED_SELECTOR = YES;
				GCC_WARN_UNINITIALIZED_AUTOS = YES_AGGRESSIVE;
				GCC_WARN_UNUSED_FUNCTION = YES;
				GCC_WARN_UNUSED_VARIABLE = YES;
				IPHONEOS_DEPLOYMENT_TARGET = 8.1;
				MTL_ENABLE_DEBUG_INFO = YES;
				ONLY_ACTIVE_ARCH = YES;
				SDKROOT = iphoneos;
				TARGETED_DEVICE_FAMILY = "1,2";
			};
			name = Debug;
		};
		B5F9DB071D7D41430071D617 /* Release */ = {
			isa = XCBuildConfiguration;
			buildSettings = {
				ALWAYS_SEARCH_USER_PATHS = NO;
				CLANG_ANALYZER_NONNULL = YES;
				CLANG_CXX_LANGUAGE_STANDARD = "gnu++0x";
				CLANG_CXX_LIBRARY = "libc++";
				CLANG_ENABLE_MODULES = YES;
				CLANG_ENABLE_OBJC_ARC = YES;
				CLANG_WARN_BOOL_CONVERSION = YES;
				CLANG_WARN_CONSTANT_CONVERSION = YES;
				CLANG_WARN_DIRECT_OBJC_ISA_USAGE = YES_ERROR;
				CLANG_WARN_EMPTY_BODY = YES;
				CLANG_WARN_ENUM_CONVERSION = YES;
				CLANG_WARN_INT_CONVERSION = YES;
				CLANG_WARN_OBJC_ROOT_CLASS = YES_ERROR;
				CLANG_WARN_UNREACHABLE_CODE = YES;
				CLANG_WARN__DUPLICATE_METHOD_MATCH = YES;
				"CODE_SIGN_IDENTITY[sdk=iphoneos*]" = "iPhone Developer";
				COPY_PHASE_STRIP = NO;
				DEBUG_INFORMATION_FORMAT = "dwarf-with-dsym";
				ENABLE_BITCODE = NO;
				ENABLE_NS_ASSERTIONS = NO;
				ENABLE_STRICT_OBJC_MSGSEND = YES;
				GCC_C_LANGUAGE_STANDARD = gnu99;
				GCC_NO_COMMON_BLOCKS = YES;
				GCC_WARN_64_TO_32_BIT_CONVERSION = YES;
				GCC_WARN_ABOUT_RETURN_TYPE = YES_ERROR;
				GCC_WARN_UNDECLARED_SELECTOR = YES;
				GCC_WARN_UNINITIALIZED_AUTOS = YES_AGGRESSIVE;
				GCC_WARN_UNUSED_FUNCTION = YES;
				GCC_WARN_UNUSED_VARIABLE = YES;
				IPHONEOS_DEPLOYMENT_TARGET = 8.1;
				MTL_ENABLE_DEBUG_INFO = NO;
				SDKROOT = iphoneos;
				TARGETED_DEVICE_FAMILY = "1,2";
				VALIDATE_PRODUCT = YES;
			};
			name = Release;
		};
		B5F9DB091D7D41430071D617 /* Debug */ = {
			isa = XCBuildConfiguration;
			baseConfigurationReference = F31E09281CBF673A12D21338 /* Pods-SeerseeJoin.debug.xcconfig */;
			buildSettings = {
				ASSETCATALOG_COMPILER_APPICON_NAME = AppIcon;
				CODE_SIGN_ENTITLEMENTS = SeerseeJoin/SeerseeJoin.entitlements;
				CODE_SIGN_IDENTITY = "iPhone Developer";
				ENABLE_BITCODE = NO;
				FRAMEWORK_SEARCH_PATHS = (
					"$(inherited)",
					"$(PROJECT_DIR)",
				);
				HEADER_SEARCH_PATHS = (
					"$(inherited)",
					"\"${PODS_ROOT}/Headers/Public\"",
					"\"${PODS_ROOT}/Headers/Public/AFNetworking\"",
					"\"${PODS_ROOT}/Headers/Public/BlocksKit\"",
					"\"${PODS_ROOT}/Headers/Public/MBProgressHUD\"",
					"\"${PODS_ROOT}/Headers/Public/OAuthConsumer\"",
					"\"${PODS_ROOT}/Headers/Public/ShareManager\"",
				);
				INFOPLIST_FILE = SeerseeJoin/Info.plist;
				IPHONEOS_DEPLOYMENT_TARGET = 8.0;
				LD_RUNPATH_SEARCH_PATHS = "$(inherited) @executable_path/Frameworks";
				LIBRARY_SEARCH_PATHS = (
					"$(inherited)",
					"$(PROJECT_DIR)/JPush-iOS-SDK-2.1.9/Lib",
				);
				OTHER_LDFLAGS = (
					"$(inherited)",
					"-ObjC",
				);
				PRODUCT_BUNDLE_IDENTIFIER = com.seersee.seerseelive;
				PRODUCT_NAME = "$(TARGET_NAME)";
				TARGETED_DEVICE_FAMILY = "1,2";
				USER_HEADER_SEARCH_PATHS = "";
			};
			name = Debug;
		};
		B5F9DB0A1D7D41430071D617 /* Release */ = {
			isa = XCBuildConfiguration;
			baseConfigurationReference = B44E7F526AE0A8CEDB4D26F0 /* Pods-SeerseeJoin.release.xcconfig */;
			buildSettings = {
				ASSETCATALOG_COMPILER_APPICON_NAME = AppIcon;
				CODE_SIGN_ENTITLEMENTS = SeerseeJoin/SeerseeJoin.entitlements;
				CODE_SIGN_IDENTITY = "iPhone Developer";
				ENABLE_BITCODE = NO;
				FRAMEWORK_SEARCH_PATHS = (
					"$(inherited)",
					"$(PROJECT_DIR)",
				);
				HEADER_SEARCH_PATHS = (
					"$(inherited)",
					"\"${PODS_ROOT}/Headers/Public\"",
					"\"${PODS_ROOT}/Headers/Public/AFNetworking\"",
					"\"${PODS_ROOT}/Headers/Public/BlocksKit\"",
					"\"${PODS_ROOT}/Headers/Public/MBProgressHUD\"",
					"\"${PODS_ROOT}/Headers/Public/OAuthConsumer\"",
					"\"${PODS_ROOT}/Headers/Public/ShareManager\"",
				);
				INFOPLIST_FILE = SeerseeJoin/Info.plist;
				IPHONEOS_DEPLOYMENT_TARGET = 8.0;
				LD_RUNPATH_SEARCH_PATHS = "$(inherited) @executable_path/Frameworks";
				LIBRARY_SEARCH_PATHS = (
					"$(inherited)",
					"$(PROJECT_DIR)/JPush-iOS-SDK-2.1.9/Lib",
				);
				OTHER_LDFLAGS = (
					"$(inherited)",
					"-ObjC",
				);
				PRODUCT_BUNDLE_IDENTIFIER = com.seersee.seerseelive;
				PRODUCT_NAME = "$(TARGET_NAME)";
				TARGETED_DEVICE_FAMILY = "1,2";
				USER_HEADER_SEARCH_PATHS = "";
			};
			name = Release;
		};
/* End XCBuildConfiguration section */

/* Begin XCConfigurationList section */
		B5F9DAEC1D7D41430071D617 /* Build configuration list for PBXProject "SeerseeJoin" */ = {
			isa = XCConfigurationList;
			buildConfigurations = (
				B5F9DB061D7D41430071D617 /* Debug */,
				B5F9DB071D7D41430071D617 /* Release */,
			);
			defaultConfigurationIsVisible = 0;
			defaultConfigurationName = Release;
		};
		B5F9DB081D7D41430071D617 /* Build configuration list for PBXNativeTarget "SeerseeJoin" */ = {
			isa = XCConfigurationList;
			buildConfigurations = (
				B5F9DB091D7D41430071D617 /* Debug */,
				B5F9DB0A1D7D41430071D617 /* Release */,
			);
			defaultConfigurationIsVisible = 0;
			defaultConfigurationName = Release;
		};
/* End XCConfigurationList section */
	};
	rootObject = B5F9DAE91D7D41430071D617 /* Project object */;
}
